
Microsoft Visual Studio Solution File, Format Version 12.00
# Visual Studio 14
VisualStudioVersion = 14.0.25420.1
MinimumVisualStudioVersion = 10.0.40219.1
Project("{FAE04EC0-301F-11D3-BF4B-00C04F79EFBC}") = "BankOfFiji_WebAPI", "BankOfFiji_WebAPI\BankOfFiji_WebAPI.csproj", "{AE141B5E-926F-44ED-B2A4-AA1E6FB1C0EB}"
EndProject
Global
	GlobalSection(SolutionConfigurationPlatforms) = preSolution
		Debug|Any CPU = Debug|Any CPU
		Release|Any CPU = Release|Any CPU
	EndGlobalSection
	GlobalSection(ProjectConfigurationPlatforms) = postSolution
		{AE141B5E-926F-44ED-B2A4-AA1E6FB1C0EB}.Debug|Any CPU.ActiveCfg = Debug|Any CPU
		{AE141B5E-926F-44ED-B2A4-AA1E6FB1C0EB}.Debug|Any CPU.Build.0 = Debug|Any CPU
		{AE141B5E-926F-44ED-B2A4-AA1E6FB1C0EB}.Release|Any CPU.ActiveCfg = Release|Any CPU
		{AE141B5E-926F-44ED-B2A4-AA1E6FB1C0EB}.Release|Any CPU.Build.0 = Release|Any CPU
	EndGlobalSection
	GlobalSection(SolutionProperties) = preSolution
		HideSolutionNode = FALSE
	EndGlobalSection
EndGlobal
